{
  "pins" : [
    {
      "identity" : "asynccache",
      "kind" : "remoteSourceControl",
      "location" : "https://github.com/zunda-pixel/AsyncCache",
      "state" : {
        "revision" : "6dd3fc64b9e406afbf3f8a4ce5d3da7a9821fc9f",
        "version" : "0.0.1"
      }
    },
    {
      "identity" : "cache",
      "kind" : "remoteSourceControl",
      "location" : "https://github.com/hyperoslo/Cache",
      "state" : {
        "revision" : "c7f4d633049c3bd649a353bad36f6c17e9df085f",
        "version" : "6.0.0"
      }
    }
  ],
  "version" : 2
}
